
Microsoft Visual Studio Solution File, Format Version 12.00
# Visual Studio Version 17
VisualStudioVersion = 17.7.34221.43
MinimumVisualStudioVersion = 10.0.40219.1
Project("{FAE04EC0-301F-11D3-BF4B-00C04F79EFBC}") = "ConsAppDay6Assignment2", "ConsAppDay6Assignment2\ConsAppDay6Assignment2.csproj", "{643F1191-9153-4683-9480-785BB93611CE}"
EndProject
Global
	GlobalSection(SolutionConfigurationPlatforms) = preSolution
		Debug|Any CPU = Debug|Any CPU
		Release|Any CPU = Release|Any CPU
	EndGlobalSection
	GlobalSection(ProjectConfigurationPlatforms) = postSolution
		{643F1191-9153-4683-9480-785BB93611CE}.Debug|Any CPU.ActiveCfg = Debug|Any CPU
		{643F1191-9153-4683-9480-785BB93611CE}.Debug|Any CPU.Build.0 = Debug|Any CPU
		{643F1191-9153-4683-9480-785BB93611CE}.Release|Any CPU.ActiveCfg = Release|Any CPU
		{643F1191-9153-4683-9480-785BB93611CE}.Release|Any CPU.Build.0 = Release|Any CPU
	EndGlobalSection
	GlobalSection(SolutionProperties) = preSolution
		HideSolutionNode = FALSE
	EndGlobalSection
	GlobalSection(ExtensibilityGlobals) = postSolution
		SolutionGuid = {042E57CB-C9BE-452D-A95D-055B5A6E5F83}
	EndGlobalSection
EndGlobal
